
Microsoft Visual Studio Solution File, Format Version 12.00
# Visual Studio 15
Project("{FAE04EC0-301F-11D3-BF4B-00C04F79EFBC}") = "UnityEngine.UI", "UnityEngine.UI.csproj", "{FC5C143E-361F-A180-50FF-EA82879C7568}"
EndProject
Project("{FAE04EC0-301F-11D3-BF4B-00C04F79EFBC}") = "UnityEngine.TestRunner", "UnityEngine.TestRunner.csproj", "{FB013D0F-7563-B69F-1E1B-6173D3B846F0}"
EndProject
Project("{FAE04EC0-301F-11D3-BF4B-00C04F79EFBC}") = "Unity.Mathematics", "Unity.Mathematics.csproj", "{CDFF7DF2-5F0D-4D8C-9292-D84B0AACA7B8}"
EndProject
Project("{FAE04EC0-301F-11D3-BF4B-00C04F79EFBC}") = "Unity.Timeline", "Unity.Timeline.csproj", "{40A9E480-F094-257A-4F45-EF796498D152}"
EndProject
Project("{FAE04EC0-301F-11D3-BF4B-00C04F79EFBC}") = "Unity.TextMeshPro", "Unity.TextMeshPro.csproj", "{C5CDA9B6-FD25-2316-6DA9-54DCEB2ABDD2}"
EndProject
Project("{FAE04EC0-301F-11D3-BF4B-00C04F79EFBC}") = "Unity.Burst", "Unity.Burst.csproj", "{4967DDFE-75F4-38E2-C96A-75AAFE6284B1}"
EndProject
Project("{FAE04EC0-301F-11D3-BF4B-00C04F79EFBC}") = "Unity.2D.Animation.Runtime", "Unity.2D.Animation.Runtime.csproj", "{D8EDD90D-E63A-9BF6-9D38-622B21DD9494}"
EndProject
Project("{FAE04EC0-301F-11D3-BF4B-00C04F79EFBC}") = "Unity.2D.IK.Runtime", "Unity.2D.IK.Runtime.csproj", "{935FCF8B-4A1B-DC75-ED92-63B7D61308D4}"
EndProject
Project("{FAE04EC0-301F-11D3-BF4B-00C04F79EFBC}") = "Unity.2D.SpriteShape.Runtime", "Unity.2D.SpriteShape.Runtime.csproj", "{D704173F-74E0-86E5-A242-CFA7BE7A58A3}"
EndProject
Project("{FAE04EC0-301F-11D3-BF4B-00C04F79EFBC}") = "com.aniruddhahar.unity-autosave.editor", "com.aniruddhahar.unity-autosave.editor.csproj", "{3155FD81-CF36-887A-EE70-1E792224B93E}"
EndProject
Project("{FAE04EC0-301F-11D3-BF4B-00C04F79EFBC}") = "Assembly-CSharp", "Assembly-CSharp.csproj", "{D17DA532-103E-4D31-F564-80367D265EE2}"
EndProject
Project("{FAE04EC0-301F-11D3-BF4B-00C04F79EFBC}") = "Unity.2D.Common.Runtime", "Unity.2D.Common.Runtime.csproj", "{F751BE9C-E03C-6FD0-E51F-0208ABFB843A}"
EndProject
Project("{FAE04EC0-301F-11D3-BF4B-00C04F79EFBC}") = "Unity.2D.PixelPerfect", "Unity.2D.PixelPerfect.csproj", "{39809508-0D0A-4946-7CC5-D919B1DBA359}"
EndProject
Project("{FAE04EC0-301F-11D3-BF4B-00C04F79EFBC}") = "Unity.InternalAPIEngineBridge.001", "Unity.InternalAPIEngineBridge.001.csproj", "{78F75654-2A5F-5E62-6753-096AABACBCA6}"
EndProject
Project("{FAE04EC0-301F-11D3-BF4B-00C04F79EFBC}") = "UnityEditor.TestRunner", "UnityEditor.TestRunner.csproj", "{795003B1-C1ED-EBB0-FD1C-2BAB288047F3}"
EndProject
Project("{FAE04EC0-301F-11D3-BF4B-00C04F79EFBC}") = "Unity.2D.Psdimporter.Editor", "Unity.2D.Psdimporter.Editor.csproj", "{FB767FE0-5770-DF7E-1CC0-C83CEF22DA22}"
EndProject
Project("{FAE04EC0-301F-11D3-BF4B-00C04F79EFBC}") = "Unity.PlasticSCM.Editor", "Unity.PlasticSCM.Editor.csproj", "{FA7CFA44-24D1-4C8B-1256-DBA083755F4C}"
EndProject
Project("{FAE04EC0-301F-11D3-BF4B-00C04F79EFBC}") = "UnityEditor.UI", "UnityEditor.UI.csproj", "{45A5ADDD-1961-1350-CB34-2DBB43CE4B82}"
EndProject
Project("{FAE04EC0-301F-11D3-BF4B-00C04F79EFBC}") = "Unity.Services.Core.Editor", "Unity.Services.Core.Editor.csproj", "{F572E81F-7DCE-E966-3C68-6C44BF1DBDA3}"
EndProject
Project("{FAE04EC0-301F-11D3-BF4B-00C04F79EFBC}") = "Unity.Timeline.Editor", "Unity.Timeline.Editor.csproj", "{214A3A8C-F323-D1A4-3362-ABCED6A28327}"
EndProject
Project("{FAE04EC0-301F-11D3-BF4B-00C04F79EFBC}") = "Unity.VisualStudio.Editor", "Unity.VisualStudio.Editor.csproj", "{2D1825C2-369A-14EA-6B2F-E5079DAF9358}"
EndProject
Project("{FAE04EC0-301F-11D3-BF4B-00C04F79EFBC}") = "Unity.2D.Animation.Editor", "Unity.2D.Animation.Editor.csproj", "{0FC9FF7B-1961-3D4B-FB87-1F567046C65E}"
EndProject
Project("{FAE04EC0-301F-11D3-BF4B-00C04F79EFBC}") = "Unity.TextMeshPro.Editor", "Unity.TextMeshPro.Editor.csproj", "{7066C7FF-C2EB-8C04-9F7B-FFA41C3F5B55}"
EndProject
Project("{FAE04EC0-301F-11D3-BF4B-00C04F79EFBC}") = "Unity.2D.SpriteShape.Editor", "Unity.2D.SpriteShape.Editor.csproj", "{3F445FA6-9278-6D47-A82B-EF0EB9C3C9AD}"
EndProject
Project("{FAE04EC0-301F-11D3-BF4B-00C04F79EFBC}") = "Unity.CollabProxy.Editor", "Unity.CollabProxy.Editor.csproj", "{9DC1B27A-ED7C-7F4B-1D4A-81C5B632B450}"
EndProject
Project("{FAE04EC0-301F-11D3-BF4B-00C04F79EFBC}") = "PsdPlugin", "PsdPlugin.csproj", "{5C7A7AC3-5A4F-6FE2-47D1-DBA4E4AA2269}"
EndProject
Project("{FAE04EC0-301F-11D3-BF4B-00C04F79EFBC}") = "Unity.2D.Tilemap.Editor", "Unity.2D.Tilemap.Editor.csproj", "{AD37E45D-69B8-A641-3497-D91399907310}"
EndProject
Project("{FAE04EC0-301F-11D3-BF4B-00C04F79EFBC}") = "Unity.2D.Path.Editor", "Unity.2D.Path.Editor.csproj", "{58D2F4F9-C01D-8C80-3F0E-F4EBDBB1343F}"
EndProject
Project("{FAE04EC0-301F-11D3-BF4B-00C04F79EFBC}") = "Unity.Rider.Editor", "Unity.Rider.Editor.csproj", "{09BF5255-8D4D-ABBB-F167-9486959EAA3D}"
EndProject
Project("{FAE04EC0-301F-11D3-BF4B-00C04F79EFBC}") = "Unity.2D.Sprite.Editor", "Unity.2D.Sprite.Editor.csproj", "{7189349E-7FA3-FD26-114A-51CF5261F7BD}"
EndProject
Project("{FAE04EC0-301F-11D3-BF4B-00C04F79EFBC}") = "Unity.2D.IK.Editor", "Unity.2D.IK.Editor.csproj", "{020CCE58-2F0B-20A6-E63B-F4F73AB72844}"
EndProject
Project("{FAE04EC0-301F-11D3-BF4B-00C04F79EFBC}") = "Unity.Burst.Editor", "Unity.Burst.Editor.csproj", "{C59B0711-B8E7-713D-EA6F-D19F234B3940}"
EndProject
Project("{FAE04EC0-301F-11D3-BF4B-00C04F79EFBC}") = "Unity.SysrootPackage.Editor", "Unity.SysrootPackage.Editor.csproj", "{71749BF7-4AB1-5125-CC0F-70E7434B8DB1}"
EndProject
Project("{FAE04EC0-301F-11D3-BF4B-00C04F79EFBC}") = "Unity.Burst.CodeGen", "Unity.Burst.CodeGen.csproj", "{ED1E42B1-17F7-0DB3-66C1-703830847D07}"
EndProject
Project("{FAE04EC0-301F-11D3-BF4B-00C04F79EFBC}") = "Unity.2D.PixelPerfect.Editor", "Unity.2D.PixelPerfect.Editor.csproj", "{F5FD5E3B-AFDA-A24E-3429-356CB7ECFFED}"
EndProject
Project("{FAE04EC0-301F-11D3-BF4B-00C04F79EFBC}") = "Unity.VSCode.Editor", "Unity.VSCode.Editor.csproj", "{A6FDAA16-FC42-97F6-26D7-05ACD773509C}"
EndProject
Project("{FAE04EC0-301F-11D3-BF4B-00C04F79EFBC}") = "Unity.Toolchain.Win-x86_64-Linux-x86_64", "Unity.Toolchain.Win-x86_64-Linux-x86_64.csproj", "{A5276048-A8D9-D262-EB72-96307DA03908}"
EndProject
Project("{FAE04EC0-301F-11D3-BF4B-00C04F79EFBC}") = "Unity.EditorCoroutines.Editor", "Unity.EditorCoroutines.Editor.csproj", "{8C651C79-8816-FA88-45C9-50258D753220}"
EndProject
Project("{FAE04EC0-301F-11D3-BF4B-00C04F79EFBC}") = "Unity.2D.Common.Editor", "Unity.2D.Common.Editor.csproj", "{DC7F18C0-5C44-F80F-CECF-C407E6F6ADFF}"
EndProject
Project("{FAE04EC0-301F-11D3-BF4B-00C04F79EFBC}") = "Unity.Mathematics.Editor", "Unity.Mathematics.Editor.csproj", "{46921A80-A580-2965-E3A0-7B36F6C570EF}"
EndProject
Project("{FAE04EC0-301F-11D3-BF4B-00C04F79EFBC}") = "Unity.InternalAPIEditorBridge.001", "Unity.InternalAPIEditorBridge.001.csproj", "{76C92A04-CFF7-9152-B8BD-DACA8445B6C2}"
EndProject
Project("{FAE04EC0-301F-11D3-BF4B-00C04F79EFBC}") = "Unity.Sysroot.Linux_x86_64", "Unity.Sysroot.Linux_x86_64.csproj", "{76B08146-66F0-0B0E-9FE1-7CE0AD080D50}"
EndProject
Project("{FAE04EC0-301F-11D3-BF4B-00C04F79EFBC}") = "UnityEngine.UI", "UnityEngine.UI.Player.csproj", "{0445C70C-7E86-97A9-5FAC-9E268305C31C}"
EndProject
Project("{FAE04EC0-301F-11D3-BF4B-00C04F79EFBC}") = "UnityEngine.TestRunner", "UnityEngine.TestRunner.Player.csproj", "{EE7D1A04-CF75-0A0E-8C5C-5CC0EA45B750}"
EndProject
Project("{FAE04EC0-301F-11D3-BF4B-00C04F79EFBC}") = "Unity.Mathematics", "Unity.Mathematics.Player.csproj", "{FA1CA6BA-D80A-6471-545F-D6B3AB6DFE20}"
EndProject
Project("{FAE04EC0-301F-11D3-BF4B-00C04F79EFBC}") = "Unity.Timeline", "Unity.Timeline.Player.csproj", "{D191BB6B-A72F-CDEF-3EE4-1C80A91BA6AF}"
EndProject
Project("{FAE04EC0-301F-11D3-BF4B-00C04F79EFBC}") = "Unity.TextMeshPro", "Unity.TextMeshPro.Player.csproj", "{B94B54AB-A42A-4A6F-2822-C861DC76F382}"
EndProject
Project("{FAE04EC0-301F-11D3-BF4B-00C04F79EFBC}") = "Unity.Burst", "Unity.Burst.Player.csproj", "{D0FBBBFB-3769-483B-040A-486BE02BFE9A}"
EndProject
Project("{FAE04EC0-301F-11D3-BF4B-00C04F79EFBC}") = "Unity.2D.Animation.Runtime", "Unity.2D.Animation.Runtime.Player.csproj", "{325EDDB0-AC89-97F4-81F1-9F8E8EFE0C11}"
EndProject
Project("{FAE04EC0-301F-11D3-BF4B-00C04F79EFBC}") = "Unity.2D.IK.Runtime", "Unity.2D.IK.Runtime.Player.csproj", "{8BF3CB81-B32E-3E96-4A03-59E1B19AD00C}"
EndProject
Project("{FAE04EC0-301F-11D3-BF4B-00C04F79EFBC}") = "Unity.2D.SpriteShape.Runtime", "Unity.2D.SpriteShape.Runtime.Player.csproj", "{69C1C70F-9EC6-4C65-B002-22E7D4A2589C}"
EndProject
Project("{FAE04EC0-301F-11D3-BF4B-00C04F79EFBC}") = "Assembly-CSharp", "Assembly-CSharp.Player.csproj", "{C8361894-7908-7006-0730-D7526EC7B78E}"
EndProject
Project("{FAE04EC0-301F-11D3-BF4B-00C04F79EFBC}") = "Unity.2D.Common.Runtime", "Unity.2D.Common.Runtime.Player.csproj", "{92849497-10FC-1A65-4730-A115CAE2EDD2}"
EndProject
Project("{FAE04EC0-301F-11D3-BF4B-00C04F79EFBC}") = "Unity.2D.PixelPerfect", "Unity.2D.PixelPerfect.Player.csproj", "{7EEC7344-FCC4-2E00-FDA1-CF2B49D69E70}"
EndProject
Project("{FAE04EC0-301F-11D3-BF4B-00C04F79EFBC}") = "Unity.InternalAPIEngineBridge.001", "Unity.InternalAPIEngineBridge.001.Player.csproj", "{C9B02FCB-3342-CE00-F34E-1DEAB7DA2769}"
EndProject
Global
	GlobalSection(SolutionConfigurationPlatforms) = preSolution
		Debug|Any CPU = Debug|Any CPU
		Release|Any CPU = Release|Any CPU
	EndGlobalSection
	GlobalSection(ProjectConfigurationPlatforms) = postSolution
		{FC5C143E-361F-A180-50FF-EA82879C7568}.Debug|Any CPU.ActiveCfg = Debug|Any CPU
		{FC5C143E-361F-A180-50FF-EA82879C7568}.Debug|Any CPU.Build.0 = Debug|Any CPU
		{FC5C143E-361F-A180-50FF-EA82879C7568}.Release|Any CPU.ActiveCfg = Release|Any CPU
		{FC5C143E-361F-A180-50FF-EA82879C7568}.Release|Any CPU.Build.0 = Release|Any CPU
		{FB013D0F-7563-B69F-1E1B-6173D3B846F0}.Debug|Any CPU.ActiveCfg = Debug|Any CPU
		{FB013D0F-7563-B69F-1E1B-6173D3B846F0}.Debug|Any CPU.Build.0 = Debug|Any CPU
		{FB013D0F-7563-B69F-1E1B-6173D3B846F0}.Release|Any CPU.ActiveCfg = Release|Any CPU
		{FB013D0F-7563-B69F-1E1B-6173D3B846F0}.Release|Any CPU.Build.0 = Release|Any CPU
		{CDFF7DF2-5F0D-4D8C-9292-D84B0AACA7B8}.Debug|Any CPU.ActiveCfg = Debug|Any CPU
		{CDFF7DF2-5F0D-4D8C-9292-D84B0AACA7B8}.Debug|Any CPU.Build.0 = Debug|Any CPU
		{CDFF7DF2-5F0D-4D8C-9292-D84B0AACA7B8}.Release|Any CPU.ActiveCfg = Release|Any CPU
		{CDFF7DF2-5F0D-4D8C-9292-D84B0AACA7B8}.Release|Any CPU.Build.0 = Release|Any CPU
		{40A9E480-F094-257A-4F45-EF796498D152}.Debug|Any CPU.ActiveCfg = Debug|Any CPU
		{40A9E480-F094-257A-4F45-EF796498D152}.Debug|Any CPU.Build.0 = Debug|Any CPU
		{40A9E480-F094-257A-4F45-EF796498D152}.Release|Any CPU.ActiveCfg = Release|Any CPU
		{40A9E480-F094-257A-4F45-EF796498D152}.Release|Any CPU.Build.0 = Release|Any CPU
		{C5CDA9B6-FD25-2316-6DA9-54DCEB2ABDD2}.Debug|Any CPU.ActiveCfg = Debug|Any CPU
		{C5CDA9B6-FD25-2316-6DA9-54DCEB2ABDD2}.Debug|Any CPU.Build.0 = Debug|Any CPU
		{C5CDA9B6-FD25-2316-6DA9-54DCEB2ABDD2}.Release|Any CPU.ActiveCfg = Release|Any CPU
		{C5CDA9B6-FD25-2316-6DA9-54DCEB2ABDD2}.Release|Any CPU.Build.0 = Release|Any CPU
		{4967DDFE-75F4-38E2-C96A-75AAFE6284B1}.Debug|Any CPU.ActiveCfg = Debug|Any CPU
		{4967DDFE-75F4-38E2-C96A-75AAFE6284B1}.Debug|Any CPU.Build.0 = Debug|Any CPU
		{4967DDFE-75F4-38E2-C96A-75AAFE6284B1}.Release|Any CPU.ActiveCfg = Release|Any CPU
		{4967DDFE-75F4-38E2-C96A-75AAFE6284B1}.Release|Any CPU.Build.0 = Release|Any CPU
		{D8EDD90D-E63A-9BF6-9D38-622B21DD9494}.Debug|Any CPU.ActiveCfg = Debug|Any CPU
		{D8EDD90D-E63A-9BF6-9D38-622B21DD9494}.Debug|Any CPU.Build.0 = Debug|Any CPU
		{D8EDD90D-E63A-9BF6-9D38-622B21DD9494}.Release|Any CPU.ActiveCfg = Release|Any CPU
		{D8EDD90D-E63A-9BF6-9D38-622B21DD9494}.Release|Any CPU.Build.0 = Release|Any CPU
		{935FCF8B-4A1B-DC75-ED92-63B7D61308D4}.Debug|Any CPU.ActiveCfg = Debug|Any CPU
		{935FCF8B-4A1B-DC75-ED92-63B7D61308D4}.Debug|Any CPU.Build.0 = Debug|Any CPU
		{935FCF8B-4A1B-DC75-ED92-63B7D61308D4}.Release|Any CPU.ActiveCfg = Release|Any CPU
		{935FCF8B-4A1B-DC75-ED92-63B7D61308D4}.Release|Any CPU.Build.0 = Release|Any CPU
		{D704173F-74E0-86E5-A242-CFA7BE7A58A3}.Debug|Any CPU.ActiveCfg = Debug|Any CPU
		{D704173F-74E0-86E5-A242-CFA7BE7A58A3}.Debug|Any CPU.Build.0 = Debug|Any CPU
		{D704173F-74E0-86E5-A242-CFA7BE7A58A3}.Release|Any CPU.ActiveCfg = Release|Any CPU
		{D704173F-74E0-86E5-A242-CFA7BE7A58A3}.Release|Any CPU.Build.0 = Release|Any CPU
		{3155FD81-CF36-887A-EE70-1E792224B93E}.Debug|Any CPU.ActiveCfg = Debug|Any CPU
		{3155FD81-CF36-887A-EE70-1E792224B93E}.Debug|Any CPU.Build.0 = Debug|Any CPU
		{3155FD81-CF36-887A-EE70-1E792224B93E}.Release|Any CPU.ActiveCfg = Release|Any CPU
		{3155FD81-CF36-887A-EE70-1E792224B93E}.Release|Any CPU.Build.0 = Release|Any CPU
		{D17DA532-103E-4D31-F564-80367D265EE2}.Debug|Any CPU.ActiveCfg = Debug|Any CPU
		{D17DA532-103E-4D31-F564-80367D265EE2}.Debug|Any CPU.Build.0 = Debug|Any CPU
		{D17DA532-103E-4D31-F564-80367D265EE2}.Release|Any CPU.ActiveCfg = Release|Any CPU
		{D17DA532-103E-4D31-F564-80367D265EE2}.Release|Any CPU.Build.0 = Release|Any CPU
		{F751BE9C-E03C-6FD0-E51F-0208ABFB843A}.Debug|Any CPU.ActiveCfg = Debug|Any CPU
		{F751BE9C-E03C-6FD0-E51F-0208ABFB843A}.Debug|Any CPU.Build.0 = Debug|Any CPU
		{F751BE9C-E03C-6FD0-E51F-0208ABFB843A}.Release|Any CPU.ActiveCfg = Release|Any CPU
		{F751BE9C-E03C-6FD0-E51F-0208ABFB843A}.Release|Any CPU.Build.0 = Release|Any CPU
		{39809508-0D0A-4946-7CC5-D919B1DBA359}.Debug|Any CPU.ActiveCfg = Debug|Any CPU
		{39809508-0D0A-4946-7CC5-D919B1DBA359}.Debug|Any CPU.Build.0 = Debug|Any CPU
		{39809508-0D0A-4946-7CC5-D919B1DBA359}.Release|Any CPU.ActiveCfg = Release|Any CPU
		{39809508-0D0A-4946-7CC5-D919B1DBA359}.Release|Any CPU.Build.0 = Release|Any CPU
		{78F75654-2A5F-5E62-6753-096AABACBCA6}.Debug|Any CPU.ActiveCfg = Debug|Any CPU
		{78F75654-2A5F-5E62-6753-096AABACBCA6}.Debug|Any CPU.Build.0 = Debug|Any CPU
		{78F75654-2A5F-5E62-6753-096AABACBCA6}.Release|Any CPU.ActiveCfg = Release|Any CPU
		{78F75654-2A5F-5E62-6753-096AABACBCA6}.Release|Any CPU.Build.0 = Release|Any CPU
		{795003B1-C1ED-EBB0-FD1C-2BAB288047F3}.Debug|Any CPU.ActiveCfg = Debug|Any CPU
		{795003B1-C1ED-EBB0-FD1C-2BAB288047F3}.Debug|Any CPU.Build.0 = Debug|Any CPU
		{795003B1-C1ED-EBB0-FD1C-2BAB288047F3}.Release|Any CPU.ActiveCfg = Release|Any CPU
		{795003B1-C1ED-EBB0-FD1C-2BAB288047F3}.Release|Any CPU.Build.0 = Release|Any CPU
		{FB767FE0-5770-DF7E-1CC0-C83CEF22DA22}.Debug|Any CPU.ActiveCfg = Debug|Any CPU
		{FB767FE0-5770-DF7E-1CC0-C83CEF22DA22}.Debug|Any CPU.Build.0 = Debug|Any CPU
		{FB767FE0-5770-DF7E-1CC0-C83CEF22DA22}.Release|Any CPU.ActiveCfg = Release|Any CPU
		{FB767FE0-5770-DF7E-1CC0-C83CEF22DA22}.Release|Any CPU.Build.0 = Release|Any CPU
		{FA7CFA44-24D1-4C8B-1256-DBA083755F4C}.Debug|Any CPU.ActiveCfg = Debug|Any CPU
		{FA7CFA44-24D1-4C8B-1256-DBA083755F4C}.Debug|Any CPU.Build.0 = Debug|Any CPU
		{FA7CFA44-24D1-4C8B-1256-DBA083755F4C}.Release|Any CPU.ActiveCfg = Release|Any CPU
		{FA7CFA44-24D1-4C8B-1256-DBA083755F4C}.Release|Any CPU.Build.0 = Release|Any CPU
		{45A5ADDD-1961-1350-CB34-2DBB43CE4B82}.Debug|Any CPU.ActiveCfg = Debug|Any CPU
		{45A5ADDD-1961-1350-CB34-2DBB43CE4B82}.Debug|Any CPU.Build.0 = Debug|Any CPU
		{45A5ADDD-1961-1350-CB34-2DBB43CE4B82}.Release|Any CPU.ActiveCfg = Release|Any CPU
		{45A5ADDD-1961-1350-CB34-2DBB43CE4B82}.Release|Any CPU.Build.0 = Release|Any CPU
		{F572E81F-7DCE-E966-3C68-6C44BF1DBDA3}.Debug|Any CPU.ActiveCfg = Debug|Any CPU
		{F572E81F-7DCE-E966-3C68-6C44BF1DBDA3}.Debug|Any CPU.Build.0 = Debug|Any CPU
		{F572E81F-7DCE-E966-3C68-6C44BF1DBDA3}.Release|Any CPU.ActiveCfg = Release|Any CPU
		{F572E81F-7DCE-E966-3C68-6C44BF1DBDA3}.Release|Any CPU.Build.0 = Release|Any CPU
		{214A3A8C-F323-D1A4-3362-ABCED6A28327}.Debug|Any CPU.ActiveCfg = Debug|Any CPU
		{214A3A8C-F323-D1A4-3362-ABCED6A28327}.Debug|Any CPU.Build.0 = Debug|Any CPU
		{214A3A8C-F323-D1A4-3362-ABCED6A28327}.Release|Any CPU.ActiveCfg = Release|Any CPU
		{214A3A8C-F323-D1A4-3362-ABCED6A28327}.Release|Any CPU.Build.0 = Release|Any CPU
		{2D1825C2-369A-14EA-6B2F-E5079DAF9358}.Debug|Any CPU.ActiveCfg = Debug|Any CPU
		{2D1825C2-369A-14EA-6B2F-E5079DAF9358}.Debug|Any CPU.Build.0 = Debug|Any CPU
		{2D1825C2-369A-14EA-6B2F-E5079DAF9358}.Release|Any CPU.ActiveCfg = Release|Any CPU
		{2D1825C2-369A-14EA-6B2F-E5079DAF9358}.Release|Any CPU.Build.0 = Release|Any CPU
		{0FC9FF7B-1961-3D4B-FB87-1F567046C65E}.Debug|Any CPU.ActiveCfg = Debug|Any CPU
		{0FC9FF7B-1961-3D4B-FB87-1F567046C65E}.Debug|Any CPU.Build.0 = Debug|Any CPU
		{0FC9FF7B-1961-3D4B-FB87-1F567046C65E}.Release|Any CPU.ActiveCfg = Release|Any CPU
		{0FC9FF7B-1961-3D4B-FB87-1F567046C65E}.Release|Any CPU.Build.0 = Release|Any CPU
		{7066C7FF-C2EB-8C04-9F7B-FFA41C3F5B55}.Debug|Any CPU.ActiveCfg = Debug|Any CPU
		{7066C7FF-C2EB-8C04-9F7B-FFA41C3F5B55}.Debug|Any CPU.Build.0 = Debug|Any CPU
		{7066C7FF-C2EB-8C04-9F7B-FFA41C3F5B55}.Release|Any CPU.ActiveCfg = Release|Any CPU
		{7066C7FF-C2EB-8C04-9F7B-FFA41C3F5B55}.Release|Any CPU.Build.0 = Release|Any CPU
		{3F445FA6-9278-6D47-A82B-EF0EB9C3C9AD}.Debug|Any CPU.ActiveCfg = Debug|Any CPU
		{3F445FA6-9278-6D47-A82B-EF0EB9C3C9AD}.Debug|Any CPU.Build.0 = Debug|Any CPU
		{3F445FA6-9278-6D47-A82B-EF0EB9C3C9AD}.Release|Any CPU.ActiveCfg = Release|Any CPU
		{3F445FA6-9278-6D47-A82B-EF0EB9C3C9AD}.Release|Any CPU.Build.0 = Release|Any CPU
		{9DC1B27A-ED7C-7F4B-1D4A-81C5B632B450}.Debug|Any CPU.ActiveCfg = Debug|Any CPU
		{9DC1B27A-ED7C-7F4B-1D4A-81C5B632B450}.Debug|Any CPU.Build.0 = Debug|Any CPU
		{9DC1B27A-ED7C-7F4B-1D4A-81C5B632B450}.Release|Any CPU.ActiveCfg = Release|Any CPU
		{9DC1B27A-ED7C-7F4B-1D4A-81C5B632B450}.Release|Any CPU.Build.0 = Release|Any CPU
		{5C7A7AC3-5A4F-6FE2-47D1-DBA4E4AA2269}.Debug|Any CPU.ActiveCfg = Debug|Any CPU
		{5C7A7AC3-5A4F-6FE2-47D1-DBA4E4AA2269}.Debug|Any CPU.Build.0 = Debug|Any CPU
		{5C7A7AC3-5A4F-6FE2-47D1-DBA4E4AA2269}.Release|Any CPU.ActiveCfg = Release|Any CPU
		{5C7A7AC3-5A4F-6FE2-47D1-DBA4E4AA2269}.Release|Any CPU.Build.0 = Release|Any CPU
		{AD37E45D-69B8-A641-3497-D91399907310}.Debug|Any CPU.ActiveCfg = Debug|Any CPU
		{AD37E45D-69B8-A641-3497-D91399907310}.Debug|Any CPU.Build.0 = Debug|Any CPU
		{AD37E45D-69B8-A641-3497-D91399907310}.Release|Any CPU.ActiveCfg = Release|Any CPU
		{AD37E45D-69B8-A641-3497-D91399907310}.Release|Any CPU.Build.0 = Release|Any CPU
		{58D2F4F9-C01D-8C80-3F0E-F4EBDBB1343F}.Debug|Any CPU.ActiveCfg = Debug|Any CPU
		{58D2F4F9-C01D-8C80-3F0E-F4EBDBB1343F}.Debug|Any CPU.Build.0 = Debug|Any CPU
		{58D2F4F9-C01D-8C80-3F0E-F4EBDBB1343F}.Release|Any CPU.ActiveCfg = Release|Any CPU
		{58D2F4F9-C01D-8C80-3F0E-F4EBDBB1343F}.Release|Any CPU.Build.0 = Release|Any CPU
		{09BF5255-8D4D-ABBB-F167-9486959EAA3D}.Debug|Any CPU.ActiveCfg = Debug|Any CPU
		{09BF5255-8D4D-ABBB-F167-9486959EAA3D}.Debug|Any CPU.Build.0 = Debug|Any CPU
		{09BF5255-8D4D-ABBB-F167-9486959EAA3D}.Release|Any CPU.ActiveCfg = Release|Any CPU
		{09BF5255-8D4D-ABBB-F167-9486959EAA3D}.Release|Any CPU.Build.0 = Release|Any CPU
		{7189349E-7FA3-FD26-114A-51CF5261F7BD}.Debug|Any CPU.ActiveCfg = Debug|Any CPU
		{7189349E-7FA3-FD26-114A-51CF5261F7BD}.Debug|Any CPU.Build.0 = Debug|Any CPU
		{7189349E-7FA3-FD26-114A-51CF5261F7BD}.Release|Any CPU.ActiveCfg = Release|Any CPU
		{7189349E-7FA3-FD26-114A-51CF5261F7BD}.Release|Any CPU.Build.0 = Release|Any CPU
		{020CCE58-2F0B-20A6-E63B-F4F73AB72844}.Debug|Any CPU.ActiveCfg = Debug|Any CPU
		{020CCE58-2F0B-20A6-E63B-F4F73AB72844}.Debug|Any CPU.Build.0 = Debug|Any CPU
		{020CCE58-2F0B-20A6-E63B-F4F73AB72844}.Release|Any CPU.ActiveCfg = Release|Any CPU
		{020CCE58-2F0B-20A6-E63B-F4F73AB72844}.Release|Any CPU.Build.0 = Release|Any CPU
		{C59B0711-B8E7-713D-EA6F-D19F234B3940}.Debug|Any CPU.ActiveCfg = Debug|Any CPU
		{C59B0711-B8E7-713D-EA6F-D19F234B3940}.Debug|Any CPU.Build.0 = Debug|Any CPU
		{C59B0711-B8E7-713D-EA6F-D19F234B3940}.Release|Any CPU.ActiveCfg = Release|Any CPU
		{C59B0711-B8E7-713D-EA6F-D19F234B3940}.Release|Any CPU.Build.0 = Release|Any CPU
		{71749BF7-4AB1-5125-CC0F-70E7434B8DB1}.Debug|Any CPU.ActiveCfg = Debug|Any CPU
		{71749BF7-4AB1-5125-CC0F-70E7434B8DB1}.Debug|Any CPU.Build.0 = Debug|Any CPU
		{71749BF7-4AB1-5125-CC0F-70E7434B8DB1}.Release|Any CPU.ActiveCfg = Release|Any CPU
		{71749BF7-4AB1-5125-CC0F-70E7434B8DB1}.Release|Any CPU.Build.0 = Release|Any CPU
		{ED1E42B1-17F7-0DB3-66C1-703830847D07}.Debug|Any CPU.ActiveCfg = Debug|Any CPU
		{ED1E42B1-17F7-0DB3-66C1-703830847D07}.Debug|Any CPU.Build.0 = Debug|Any CPU
		{ED1E42B1-17F7-0DB3-66C1-703830847D07}.Release|Any CPU.ActiveCfg = Release|Any CPU
		{ED1E42B1-17F7-0DB3-66C1-703830847D07}.Release|Any CPU.Build.0 = Release|Any CPU
		{F5FD5E3B-AFDA-A24E-3429-356CB7ECFFED}.Debug|Any CPU.ActiveCfg = Debug|Any CPU
		{F5FD5E3B-AFDA-A24E-3429-356CB7ECFFED}.Debug|Any CPU.Build.0 = Debug|Any CPU
		{F5FD5E3B-AFDA-A24E-3429-356CB7ECFFED}.Release|Any CPU.ActiveCfg = Release|Any CPU
		{F5FD5E3B-AFDA-A24E-3429-356CB7ECFFED}.Release|Any CPU.Build.0 = Release|Any CPU
		{A6FDAA16-FC42-97F6-26D7-05ACD773509C}.Debug|Any CPU.ActiveCfg = Debug|Any CPU
		{A6FDAA16-FC42-97F6-26D7-05ACD773509C}.Debug|Any CPU.Build.0 = Debug|Any CPU
		{A6FDAA16-FC42-97F6-26D7-05ACD773509C}.Release|Any CPU.ActiveCfg = Release|Any CPU
		{A6FDAA16-FC42-97F6-26D7-05ACD773509C}.Release|Any CPU.Build.0 = Release|Any CPU
		{A5276048-A8D9-D262-EB72-96307DA03908}.Debug|Any CPU.ActiveCfg = Debug|Any CPU
		{A5276048-A8D9-D262-EB72-96307DA03908}.Debug|Any CPU.Build.0 = Debug|Any CPU
		{A5276048-A8D9-D262-EB72-96307DA03908}.Release|Any CPU.ActiveCfg = Release|Any CPU
		{A5276048-A8D9-D262-EB72-96307DA03908}.Release|Any CPU.Build.0 = Release|Any CPU
		{8C651C79-8816-FA88-45C9-50258D753220}.Debug|Any CPU.ActiveCfg = Debug|Any CPU
		{8C651C79-8816-FA88-45C9-50258D753220}.Debug|Any CPU.Build.0 = Debug|Any CPU
		{8C651C79-8816-FA88-45C9-50258D753220}.Release|Any CPU.ActiveCfg = Release|Any CPU
		{8C651C79-8816-FA88-45C9-50258D753220}.Release|Any CPU.Build.0 = Release|Any CPU
		{DC7F18C0-5C44-F80F-CECF-C407E6F6ADFF}.Debug|Any CPU.ActiveCfg = Debug|Any CPU
		{DC7F18C0-5C44-F80F-CECF-C407E6F6ADFF}.Debug|Any CPU.Build.0 = Debug|Any CPU
		{DC7F18C0-5C44-F80F-CECF-C407E6F6ADFF}.Release|Any CPU.ActiveCfg = Release|Any CPU
		{DC7F18C0-5C44-F80F-CECF-C407E6F6ADFF}.Release|Any CPU.Build.0 = Release|Any CPU
		{46921A80-A580-2965-E3A0-7B36F6C570EF}.Debug|Any CPU.ActiveCfg = Debug|Any CPU
		{46921A80-A580-2965-E3A0-7B36F6C570EF}.Debug|Any CPU.Build.0 = Debug|Any CPU
		{46921A80-A580-2965-E3A0-7B36F6C570EF}.Release|Any CPU.ActiveCfg = Release|Any CPU
		{46921A80-A580-2965-E3A0-7B36F6C570EF}.Release|Any CPU.Build.0 = Release|Any CPU
		{76C92A04-CFF7-9152-B8BD-DACA8445B6C2}.Debug|Any CPU.ActiveCfg = Debug|Any CPU
		{76C92A04-CFF7-9152-B8BD-DACA8445B6C2}.Debug|Any CPU.Build.0 = Debug|Any CPU
		{76C92A04-CFF7-9152-B8BD-DACA8445B6C2}.Release|Any CPU.ActiveCfg = Release|Any CPU
		{76C92A04-CFF7-9152-B8BD-DACA8445B6C2}.Release|Any CPU.Build.0 = Release|Any CPU
		{76B08146-66F0-0B0E-9FE1-7CE0AD080D50}.Debug|Any CPU.ActiveCfg = Debug|Any CPU
		{76B08146-66F0-0B0E-9FE1-7CE0AD080D50}.Debug|Any CPU.Build.0 = Debug|Any CPU
		{76B08146-66F0-0B0E-9FE1-7CE0AD080D50}.Release|Any CPU.ActiveCfg = Release|Any CPU
		{76B08146-66F0-0B0E-9FE1-7CE0AD080D50}.Release|Any CPU.Build.0 = Release|Any CPU
		{0445C70C-7E86-97A9-5FAC-9E268305C31C}.Debug|Any CPU.ActiveCfg = Debug|Any CPU
		{0445C70C-7E86-97A9-5FAC-9E268305C31C}.Debug|Any CPU.Build.0 = Debug|Any CPU
		{0445C70C-7E86-97A9-5FAC-9E268305C31C}.Release|Any CPU.ActiveCfg = Release|Any CPU
		{0445C70C-7E86-97A9-5FAC-9E268305C31C}.Release|Any CPU.Build.0 = Release|Any CPU
		{EE7D1A04-CF75-0A0E-8C5C-5CC0EA45B750}.Debug|Any CPU.ActiveCfg = Debug|Any CPU
		{EE7D1A04-CF75-0A0E-8C5C-5CC0EA45B750}.Debug|Any CPU.Build.0 = Debug|Any CPU
		{EE7D1A04-CF75-0A0E-8C5C-5CC0EA45B750}.Release|Any CPU.ActiveCfg = Release|Any CPU
		{EE7D1A04-CF75-0A0E-8C5C-5CC0EA45B750}.Release|Any CPU.Build.0 = Release|Any CPU
		{FA1CA6BA-D80A-6471-545F-D6B3AB6DFE20}.Debug|Any CPU.ActiveCfg = Debug|Any CPU
		{FA1CA6BA-D80A-6471-545F-D6B3AB6DFE20}.Debug|Any CPU.Build.0 = Debug|Any CPU
		{FA1CA6BA-D80A-6471-545F-D6B3AB6DFE20}.Release|Any CPU.ActiveCfg = Release|Any CPU
		{FA1CA6BA-D80A-6471-545F-D6B3AB6DFE20}.Release|Any CPU.Build.0 = Release|Any CPU
		{D191BB6B-A72F-CDEF-3EE4-1C80A91BA6AF}.Debug|Any CPU.ActiveCfg = Debug|Any CPU
		{D191BB6B-A72F-CDEF-3EE4-1C80A91BA6AF}.Debug|Any CPU.Build.0 = Debug|Any CPU
		{D191BB6B-A72F-CDEF-3EE4-1C80A91BA6AF}.Release|Any CPU.ActiveCfg = Release|Any CPU
		{D191BB6B-A72F-CDEF-3EE4-1C80A91BA6AF}.Release|Any CPU.Build.0 = Release|Any CPU
		{B94B54AB-A42A-4A6F-2822-C861DC76F382}.Debug|Any CPU.ActiveCfg = Debug|Any CPU
		{B94B54AB-A42A-4A6F-2822-C861DC76F382}.Debug|Any CPU.Build.0 = Debug|Any CPU
		{B94B54AB-A42A-4A6F-2822-C861DC76F382}.Release|Any CPU.ActiveCfg = Release|Any CPU
		{B94B54AB-A42A-4A6F-2822-C861DC76F382}.Release|Any CPU.Build.0 = Release|Any CPU
		{D0FBBBFB-3769-483B-040A-486BE02BFE9A}.Debug|Any CPU.ActiveCfg = Debug|Any CPU
		{D0FBBBFB-3769-483B-040A-486BE02BFE9A}.Debug|Any CPU.Build.0 = Debug|Any CPU
		{D0FBBBFB-3769-483B-040A-486BE02BFE9A}.Release|Any CPU.ActiveCfg = Release|Any CPU
		{D0FBBBFB-3769-483B-040A-486BE02BFE9A}.Release|Any CPU.Build.0 = Release|Any CPU
		{325EDDB0-AC89-97F4-81F1-9F8E8EFE0C11}.Debug|Any CPU.ActiveCfg = Debug|Any CPU
		{325EDDB0-AC89-97F4-81F1-9F8E8EFE0C11}.Debug|Any CPU.Build.0 = Debug|Any CPU
		{325EDDB0-AC89-97F4-81F1-9F8E8EFE0C11}.Release|Any CPU.ActiveCfg = Release|Any CPU
		{325EDDB0-AC89-97F4-81F1-9F8E8EFE0C11}.Release|Any CPU.Build.0 = Release|Any CPU
		{8BF3CB81-B32E-3E96-4A03-59E1B19AD00C}.Debug|Any CPU.ActiveCfg = Debug|Any CPU
		{8BF3CB81-B32E-3E96-4A03-59E1B19AD00C}.Debug|Any CPU.Build.0 = Debug|Any CPU
		{8BF3CB81-B32E-3E96-4A03-59E1B19AD00C}.Release|Any CPU.ActiveCfg = Release|Any CPU
		{8BF3CB81-B32E-3E96-4A03-59E1B19AD00C}.Release|Any CPU.Build.0 = Release|Any CPU
		{69C1C70F-9EC6-4C65-B002-22E7D4A2589C}.Debug|Any CPU.ActiveCfg = Debug|Any CPU
		{69C1C70F-9EC6-4C65-B002-22E7D4A2589C}.Debug|Any CPU.Build.0 = Debug|Any CPU
		{69C1C70F-9EC6-4C65-B002-22E7D4A2589C}.Release|Any CPU.ActiveCfg = Release|Any CPU
		{69C1C70F-9EC6-4C65-B002-22E7D4A2589C}.Release|Any CPU.Build.0 = Release|Any CPU
		{C8361894-7908-7006-0730-D7526EC7B78E}.Debug|Any CPU.ActiveCfg = Debug|Any CPU
		{C8361894-7908-7006-0730-D7526EC7B78E}.Debug|Any CPU.Build.0 = Debug|Any CPU
		{C8361894-7908-7006-0730-D7526EC7B78E}.Release|Any CPU.ActiveCfg = Release|Any CPU
		{C8361894-7908-7006-0730-D7526EC7B78E}.Release|Any CPU.Build.0 = Release|Any CPU
		{92849497-10FC-1A65-4730-A115CAE2EDD2}.Debug|Any CPU.ActiveCfg = Debug|Any CPU
		{92849497-10FC-1A65-4730-A115CAE2EDD2}.Debug|Any CPU.Build.0 = Debug|Any CPU
		{92849497-10FC-1A65-4730-A115CAE2EDD2}.Release|Any CPU.ActiveCfg = Release|Any CPU
		{92849497-10FC-1A65-4730-A115CAE2EDD2}.Release|Any CPU.Build.0 = Release|Any CPU
		{7EEC7344-FCC4-2E00-FDA1-CF2B49D69E70}.Debug|Any CPU.ActiveCfg = Debug|Any CPU
		{7EEC7344-FCC4-2E00-FDA1-CF2B49D69E70}.Debug|Any CPU.Build.0 = Debug|Any CPU
		{7EEC7344-FCC4-2E00-FDA1-CF2B49D69E70}.Release|Any CPU.ActiveCfg = Release|Any CPU
		{7EEC7344-FCC4-2E00-FDA1-CF2B49D69E70}.Release|Any CPU.Build.0 = Release|Any CPU
		{C9B02FCB-3342-CE00-F34E-1DEAB7DA2769}.Debug|Any CPU.ActiveCfg = Debug|Any CPU
		{C9B02FCB-3342-CE00-F34E-1DEAB7DA2769}.Debug|Any CPU.Build.0 = Debug|Any CPU
		{C9B02FCB-3342-CE00-F34E-1DEAB7DA2769}.Release|Any CPU.ActiveCfg = Release|Any CPU
		{C9B02FCB-3342-CE00-F34E-1DEAB7DA2769}.Release|Any CPU.Build.0 = Release|Any CPU
	EndGlobalSection
	GlobalSection(SolutionProperties) = preSolution
		HideSolutionNode = FALSE
	EndGlobalSection
EndGlobal
